
Microsoft Visual Studio Solution File, Format Version 12.00
Project("{FAE04EC0-301F-11D3-BF4B-00C04F79EFBC}") = "libraryapi", "libraryapi\libraryapi.csproj", "{650E1E3A-363C-4750-AE11-60F27058B090}"
EndProject
Global
	GlobalSection(SolutionConfigurationPlatforms) = preSolution
		Debug|Any CPU = Debug|Any CPU
		Release|Any CPU = Release|Any CPU
	EndGlobalSection
	GlobalSection(ProjectConfigurationPlatforms) = postSolution
		{650E1E3A-363C-4750-AE11-60F27058B090}.Debug|Any CPU.ActiveCfg = Debug|Any CPU
		{650E1E3A-363C-4750-AE11-60F27058B090}.Debug|Any CPU.Build.0 = Debug|Any CPU
		{650E1E3A-363C-4750-AE11-60F27058B090}.Release|Any CPU.ActiveCfg = Release|Any CPU
		{650E1E3A-363C-4750-AE11-60F27058B090}.Release|Any CPU.Build.0 = Release|Any CPU
	EndGlobalSection
EndGlobal
